
Microsoft Visual Studio Solution File, Format Version 12.00
# Visual Studio Version 16
VisualStudioVersion = 16.0.31424.327
MinimumVisualStudioVersion = 10.0.40219.1
Project("{FAE04EC0-301F-11D3-BF4B-00C04F79EFBC}") = "RemoveDuplicateChars", "RemoveDuplicateChars.csproj", "{CAC77B82-A06A-430B-A63F-FC363A09BDC7}"
EndProject
Global
	GlobalSection(SolutionConfigurationPlatforms) = preSolution
		Debug|Any CPU = Debug|Any CPU
		Release|Any CPU = Release|Any CPU
	EndGlobalSection
	GlobalSection(ProjectConfigurationPlatforms) = postSolution
		{CAC77B82-A06A-430B-A63F-FC363A09BDC7}.Debug|Any CPU.ActiveCfg = Debug|Any CPU
		{CAC77B82-A06A-430B-A63F-FC363A09BDC7}.Debug|Any CPU.Build.0 = Debug|Any CPU
		{CAC77B82-A06A-430B-A63F-FC363A09BDC7}.Release|Any CPU.ActiveCfg = Release|Any CPU
		{CAC77B82-A06A-430B-A63F-FC363A09BDC7}.Release|Any CPU.Build.0 = Release|Any CPU
	EndGlobalSection
	GlobalSection(SolutionProperties) = preSolution
		HideSolutionNode = FALSE
	EndGlobalSection
	GlobalSection(ExtensibilityGlobals) = postSolution
		SolutionGuid = {FE189247-9A04-4A45-9EF8-579A553D4BD5}
	EndGlobalSection
EndGlobal
